# This file is automatically @generated by Cargo.
# It is not intended for manual editing.
version = 3

[[package]]
name = "account"
version = "0.1.0"

[[package]]
name = "app"
version = "0.1.0"

[[package]]
name = "comment"
version = "0.1.0"

[[package]]
name = "event"
version = "0.1.0"

[[package]]
name = "frontend"
version = "0.1.0"

[[package]]
name = "gateway"
version = "0.1.0"

[[package]]
name = "persistence"
version = "0.1.0"

[[package]]
name = "post"
version = "0.1.0"
